// !$*UTF8*$!
{
	archiveVersion = 1;
	classes = {
	};
	objectVersion = 46;
	objects = {

/* Begin PBXBuildFile section */
		FB0BFF0B1B4D504C0045BA23 /* AppDelegate.swift in Sources */ = {isa = PBXBuildFile; fileRef = FB0BFF0A1B4D504C0045BA23 /* AppDelegate.swift */; };
		FB0BFF0D1B4D504C0045BA23 /* ViewController.swift in Sources */ = {isa = PBXBuildFile; fileRef = FB0BFF0C1B4D504C0045BA23 /* ViewController.swift */; };
		FB0BFF101B4D504C0045BA23 /* Main.storyboard in Resources */ = {isa = PBXBuildFile; fileRef = FB0BFF0E1B4D504C0045BA23 /* Main.storyboard */; };
		FB0BFF121B4D504C0045BA23 /* Images.xcassets in Resources */ = {isa = PBXBuildFile; fileRef = FB0BFF111B4D504C0045BA23 /* Images.xcassets */; };
		FB0BFF151B4D504C0045BA23 /* LaunchScreen.xib in Resources */ = {isa = PBXBuildFile; fileRef = FB0BFF131B4D504C0045BA23 /* LaunchScreen.xib */; };
		FB0BFF211B4D504C0045BA23 /* LearnOrientationTests.swift in Sources */ = {isa = PBXBuildFile; fileRef = FB0BFF201B4D504C0045BA23 /* LearnOrientationTests.swift */; };
		FB0BFF2B1B4D623F0045BA23 /* DetailViewController.swift in Sources */ = {isa = PBXBuildFile; fileRef = FB0BFF2A1B4D623F0045BA23 /* DetailViewController.swift */; };
		FBFC35281B5501FF001ED21E /* BaseViewController.swift in Sources */ = {isa = PBXBuildFile; fileRef = FBFC35271B5501FF001ED21E /* BaseViewController.swift */; };
		FBFC355C1B55306D001ED21E /* DetailViewController2.swift in Sources */ = {isa = PBXBuildFile; fileRef = FBFC355B1B55306D001ED21E /* DetailViewController2.swift */; };
/* End PBXBuildFile section */

/* Begin PBXContainerItemProxy section */
		FB0BFF1B1B4D504C0045BA23 /* PBXContainerItemProxy */ = {
			isa = PBXContainerItemProxy;
			containerPortal = FB0BFEFD1B4D504B0045BA23 /* Project object */;
			proxyType = 1;
			remoteGlobalIDString = FB0BFF041B4D504B0045BA23;
			remoteInfo = LearnOrientation;
		};
/* End PBXContainerItemProxy section */

/* Begin PBXFileReference section */
		FB0BFF051B4D504B0045BA23 /* LearnOrientation.app */ = {isa = PBXFileReference; explicitFileType = wrapper.application; includeInIndex = 0; path = LearnOrientation.app; sourceTree = BUILT_PRODUCTS_DIR; };
		FB0BFF091B4D504C0045BA23 /* Info.plist */ = {isa = PBXFileReference; lastKnownFileType = text.plist.xml; path = Info.plist; sourceTree = "<group>"; };
		FB0BFF0A1B4D504C0045BA23 /* AppDelegate.swift */ = {isa = PBXFileReference; lastKnownFileType = sourcecode.swift; path = AppDelegate.swift; sourceTree = "<group>"; };
		FB0BFF0C1B4D504C0045BA23 /* ViewController.swift */ = {isa = PBXFileReference; lastKnownFileType = sourcecode.swift; path = ViewController.swift; sourceTree = "<group>"; };
		FB0BFF0F1B4D504C0045BA23 /* Base */ = {isa = PBXFileReference; lastKnownFileType = file.storyboard; name = Base; path = Base.lproj/Main.storyboard; sourceTree = "<group>"; };
		FB0BFF111B4D504C0045BA23 /* Images.xcassets */ = {isa = PBXFileReference; lastKnownFileType = folder.assetcatalog; path = Images.xcassets; sourceTree = "<group>"; };
		FB0BFF141B4D504C0045BA23 /* Base */ = {isa = PBXFileReference; lastKnownFileType = file.xib; name = Base; path = Base.lproj/LaunchScreen.xib; sourceTree = "<group>"; };
		FB0BFF1A1B4D504C0045BA23 /* LearnOrientationTests.xctest */ = {isa = PBXFileReference; explicitFileType = wrapper.cfbundle; includeInIndex = 0; path = LearnOrientationTests.xctest; sourceTree = BUILT_PRODUCTS_DIR; };
		FB0BFF1F1B4D504C0045BA23 /* Info.plist */ = {isa = PBXFileReference; lastKnownFileType = text.plist.xml; path = Info.plist; sourceTree = "<group>"; };
		FB0BFF201B4D504C0045BA23 /* LearnOrientationTests.swift */ = {isa = PBXFileReference; lastKnownFileType = sourcecode.swift; path = LearnOrientationTests.swift; sourceTree = "<group>"; };
		FB0BFF2A1B4D623F0045BA23 /* DetailViewController.swift */ = {isa = PBXFileReference; fileEncoding = 4; lastKnownFileType = sourcecode.swift; path = DetailViewController.swift; sourceTree = "<group>"; };
		FBFC35271B5501FF001ED21E /* BaseViewController.swift */ = {isa = PBXFileReference; fileEncoding = 4; lastKnownFileType = sourcecode.swift; path = BaseViewController.swift; sourceTree = "<group>"; };
		FBFC355B1B55306D001ED21E /* DetailViewController2.swift */ = {isa = PBXFileReference; fileEncoding = 4; lastKnownFileType = sourcecode.swift; path = DetailViewController2.swift; sourceTree = "<group>"; };
/* End PBXFileReference section */

/* Begin PBXFrameworksBuildPhase section */
		FB0BFF021B4D504B0045BA23 /* Frameworks */ = {
			isa = PBXFrameworksBuildPhase;
			buildActionMask = 2147483647;
			files = (
			);
			runOnlyForDeploymentPostprocessing = 0;
		};
		FB0BFF171B4D504C0045BA23 /* Frameworks */ = {
			isa = PBXFrameworksBuildPhase;
			buildActionMask = 2147483647;
			files = (
			);
			runOnlyForDeploymentPostprocessing = 0;
		};
/* End PBXFrameworksBuildPhase section */

/* Begin PBXGroup section */
		FB0BFEFC1B4D504B0045BA23 = {
			isa = PBXGroup;
			children = (
				FB0BFF071B4D504B0045BA23 /* LearnOrientation */,
				FB0BFF1D1B4D504C0045BA23 /* LearnOrientationTests */,
				FB0BFF061B4D504B0045BA23 /* Products */,
			);
			sourceTree = "<group>";
		};
		FB0BFF061B4D504B0045BA23 /* Products */ = {
			isa = PBXGroup;
			children = (
				FB0BFF051B4D504B0045BA23 /* LearnOrientation.app */,
				FB0BFF1A1B4D504C0045BA23 /* LearnOrientationTests.xctest */,
			);
			name = Products;
			sourceTree = "<group>";
		};
		FB0BFF071B4D504B0045BA23 /* LearnOrientation */ = {
			isa = PBXGroup;
			children = (
				FB0BFF0A1B4D504C0045BA23 /* AppDelegate.swift */,
				FB0BFF0C1B4D504C0045BA23 /* ViewController.swift */,
				FB0BFF2A1B4D623F0045BA23 /* DetailViewController.swift */,
				FBFC355B1B55306D001ED21E /* DetailViewController2.swift */,
				FB0BFF0E1B4D504C0045BA23 /* Main.storyboard */,
				FB0BFF111B4D504C0045BA23 /* Images.xcassets */,
				FB0BFF131B4D504C0045BA23 /* LaunchScreen.xib */,
				FB0BFF081B4D504B0045BA23 /* Supporting Files */,
				FBFC35271B5501FF001ED21E /* BaseViewController.swift */,
			);
			path = LearnOrientation;
			sourceTree = "<group>";
		};
		FB0BFF081B4D504B0045BA23 /* Supporting Files */ = {
			isa = PBXGroup;
			children = (
				FB0BFF091B4D504C0045BA23 /* Info.plist */,
			);
			name = "Supporting Files";
			sourceTree = "<group>";
		};
		FB0BFF1D1B4D504C0045BA23 /* LearnOrientationTests */ = {
			isa = PBXGroup;
			children = (
				FB0BFF201B4D504C0045BA23 /* LearnOrientationTests.swift */,
				FB0BFF1E1B4D504C0045BA23 /* Supporting Files */,
			);
			path = LearnOrientationTests;
			sourceTree = "<group>";
		};
		FB0BFF1E1B4D504C0045BA23 /* Supporting Files */ = {
			isa = PBXGroup;
			children = (
				FB0BFF1F1B4D504C0045BA23 /* Info.plist */,
			);
			name = "Supporting Files";
			sourceTree = "<group>";
		};
/* End PBXGroup section */

/* Begin PBXNativeTarget section */
		FB0BFF041B4D504B0045BA23 /* LearnOrientation */ = {
			isa = PBXNativeTarget;
			buildConfigurationList = FB0BFF241B4D504C0045BA23 /* Build configuration list for PBXNativeTarget "LearnOrientation" */;
			buildPhases = (
				FB0BFF011B4D504B0045BA23 /* Sources */,
				FB0BFF021B4D504B0045BA23 /* Frameworks */,
				FB0BFF031B4D504B0045BA23 /* Resources */,
			);
			buildRules = (
			);
			dependencies = (
			);
			name = LearnOrientation;
			productName = LearnOrientation;
			productReference = FB0BFF051B4D504B0045BA23 /* LearnOrientation.app */;
			productType = "com.apple.product-type.application";
		};
		FB0BFF191B4D504C0045BA23 /* LearnOrientationTests */ = {
			isa = PBXNativeTarget;
			buildConfigurationList = FB0BFF271B4D504C0045BA23 /* Build configuration list for PBXNativeTarget "LearnOrientationTests" */;
			buildPhases = (
				FB0BFF161B4D504C0045BA23 /* Sources */,
				FB0BFF171B4D504C0045BA23 /* Frameworks */,
				FB0BFF181B4D504C0045BA23 /* Resources */,
			);
			buildRules = (
			);
			dependencies = (
				FB0BFF1C1B4D504C0045BA23 /* PBXTargetDependency */,
			);
			name = LearnOrientationTests;
			productName = LearnOrientationTests;
			productReference = FB0BFF1A1B4D504C0045BA23 /* LearnOrientationTests.xctest */;
			productType = "com.apple.product-type.bundle.unit-test";
		};
/* End PBXNativeTarget section */

/* Begin PBXProject section */
		FB0BFEFD1B4D504B0045BA23 /* Project object */ = {
			isa = PBXProject;
			attributes = {
				LastUpgradeCheck = 0640;
				ORGANIZATIONNAME = VienVu;
				TargetAttributes = {
					FB0BFF041B4D504B0045BA23 = {
						CreatedOnToolsVersion = 6.4;
					};
					FB0BFF191B4D504C0045BA23 = {
						CreatedOnToolsVersion = 6.4;
						TestTargetID = FB0BFF041B4D504B0045BA23;
					};
				};
			};
			buildConfigurationList = FB0BFF001B4D504B0045BA23 /* Build configuration list for PBXProject "LearnOrientation" */;
			compatibilityVersion = "Xcode 3.2";
			developmentRegion = English;
			hasScannedForEncodings = 0;
			knownRegions = (
				en,
				Base,
			);
			mainGroup = FB0BFEFC1B4D504B0045BA23;
			productRefGroup = FB0BFF061B4D504B0045BA23 /* Products */;
			projectDirPath = "";
			projectRoot = "";
			targets = (
				FB0BFF041B4D504B0045BA23 /* LearnOrientation */,
				FB0BFF191B4D504C0045BA23 /* LearnOrientationTests */,
			);
		};
/* End PBXProject section */

/* Begin PBXResourcesBuildPhase section */
		FB0BFF031B4D504B0045BA23 /* Resources */ = {
			isa = PBXResourcesBuildPhase;
			buildActionMask = 2147483647;
			files = (
				FB0BFF101B4D504C0045BA23 /* Main.storyboard in Resources */,
				FB0BFF151B4D504C0045BA23 /* LaunchScreen.xib in Resources */,
				FB0BFF121B4D504C0045BA23 /* Images.xcassets in Resources */,
			);
			runOnlyForDeploymentPostprocessing = 0;
		};
		FB0BFF181B4D504C0045BA23 /* Resources */ = {
			isa = PBXResourcesBuildPhase;
			buildActionMask = 2147483647;
			files = (
			);
			runOnlyForDeploymentPostprocessing = 0;
		};
/* End PBXResourcesBuildPhase section */

/* Begin PBXSourcesBuildPhase section */
		FB0BFF011B4D504B0045BA23 /* Sources */ = {
			isa = PBXSourcesBuildPhase;
			buildActionMask = 2147483647;
			files = (
				FBFC35281B5501FF001ED21E /* BaseViewController.swift in Sources */,
				FB0BFF2B1B4D623F0045BA23 /* DetailViewController.swift in Sources */,
				FB0BFF0D1B4D504C0045BA23 /* ViewController.swift in Sources */,
				FBFC355C1B55306D001ED21E /* DetailViewController2.swift in Sources */,
				FB0BFF0B1B4D504C0045BA23 /* AppDelegate.swift in Sources */,
			);
			runOnlyForDeploymentPostprocessing = 0;
		};
		FB0BFF161B4D504C0045BA23 /* Sources */ = {
			isa = PBXSourcesBuildPhase;
			buildActionMask = 2147483647;
			files = (
				FB0BFF211B4D504C0045BA23 /* LearnOrientationTests.swift in Sources */,
			);
			runOnlyForDeploymentPostprocessing = 0;
		};
/* End PBXSourcesBuildPhase section */

/* Begin PBXTargetDependency section */
		FB0BFF1C1B4D504C0045BA23 /* PBXTargetDependency */ = {
			isa = PBXTargetDependency;
			target = FB0BFF041B4D504B0045BA23 /* LearnOrientation */;
			targetProxy = FB0BFF1B1B4D504C0045BA23 /* PBXContainerItemProxy */;
		};
/* End PBXTargetDependency section */

/* Begin PBXVariantGroup section */
		FB0BFF0E1B4D504C0045BA23 /* Main.storyboard */ = {
			isa = PBXVariantGroup;
			children = (
				FB0BFF0F1B4D504C0045BA23 /* Base */,
			);
			name = Main.storyboard;
			sourceTree = "<group>";
		};
		FB0BFF131B4D504C0045BA23 /* LaunchScreen.xib */ = {
			isa = PBXVariantGroup;
			children = (
				FB0BFF141B4D504C0045BA23 /* Base */,
			);
			name = LaunchScreen.xib;
			sourceTree = "<group>";
		};
/* End PBXVariantGroup section */

/* Begin XCBuildConfiguration section */
		FB0BFF221B4D504C0045BA23 /* Debug */ = {
			isa = XCBuildConfiguration;
			buildSettings = {
				ALWAYS_SEARCH_USER_PATHS = NO;
				CLANG_CXX_LANGUAGE_STANDARD = "gnu++0x";
				CLANG_CXX_LIBRARY = "libc++";
				CLANG_ENABLE_MODULES = YES;
				CLANG_ENABLE_OBJC_ARC = YES;
				CLANG_WARN_BOOL_CONVERSION = YES;
				CLANG_WARN_CONSTANT_CONVERSION = YES;
				CLANG_WARN_DIRECT_OBJC_ISA_USAGE = YES_ERROR;
				CLANG_WARN_EMPTY_BODY = YES;
				CLANG_WARN_ENUM_CONVERSION = YES;
				CLANG_WARN_INT_CONVERSION = YES;
				CLANG_WARN_OBJC_ROOT_CLASS = YES_ERROR;
				CLANG_WARN_UNREACHABLE_CODE = YES;
				CLANG_WARN__DUPLICATE_METHOD_MATCH = YES;
				"CODE_SIGN_IDENTITY[sdk=iphoneos*]" = "iPhone Developer";
				COPY_PHASE_STRIP = NO;
				DEBUG_INFORMATION_FORMAT = "dwarf-with-dsym";
				ENABLE_STRICT_OBJC_MSGSEND = YES;
				GCC_C_LANGUAGE_STANDARD = gnu99;
				GCC_DYNAMIC_NO_PIC = NO;
				GCC_NO_COMMON_BLOCKS = YES;
				GCC_OPTIMIZATION_LEVEL = 0;
				GCC_PREPROCESSOR_DEFINITIONS = (
					"DEBUG=1",
					"$(inherited)",
				);
				GCC_SYMBOLS_PRIVATE_EXTERN = NO;
				GCC_WARN_64_TO_32_BIT_CONVERSION = YES;
				GCC_WARN_ABOUT_RETURN_TYPE = YES_ERROR;
				GCC_WARN_UNDECLARED_SELECTOR = YES;
				GCC_WARN_UNINITIALIZED_AUTOS = YES_AGGRESSIVE;
				GCC_WARN_UNUSED_FUNCTION = YES;
				GCC_WARN_UNUSED_VARIABLE = YES;
				IPHONEOS_DEPLOYMENT_TARGET = 8.4;
				MTL_ENABLE_DEBUG_INFO = YES;
				ONLY_ACTIVE_ARCH = YES;
				SDKROOT = iphoneos;
				SWIFT_OPTIMIZATION_LEVEL = "-Onone";
			};
			name = Debug;
		};
		FB0BFF231B4D504C0045BA23 /* Release */ = {
			isa = XCBuildConfiguration;
			buildSettings = {
				ALWAYS_SEARCH_USER_PATHS = NO;
				CLANG_CXX_LANGUAGE_STANDARD = "gnu++0x";
				CLANG_CXX_LIBRARY = "libc++";
				CLANG_ENABLE_MODULES = YES;
				CLANG_ENABLE_OBJC_ARC = YES;
				CLANG_WARN_BOOL_CONVERSION = YES;
				CLANG_WARN_CONSTANT_CONVERSION = YES;
				CLANG_WARN_DIRECT_OBJC_ISA_USAGE = YES_ERROR;
				CLANG_WARN_EMPTY_BODY = YES;
				CLANG_WARN_ENUM_CONVERSION = YES;
				CLANG_WARN_INT_CONVERSION = YES;
				CLANG_WARN_OBJC_ROOT_CLASS = YES_ERROR;
				CLANG_WARN_UNREACHABLE_CODE = YES;
				CLANG_WARN__DUPLICATE_METHOD_MATCH = YES;
				"CODE_SIGN_IDENTITY[sdk=iphoneos*]" = "iPhone Developer";
				COPY_PHASE_STRIP = NO;
				DEBUG_INFORMATION_FORMAT = "dwarf-with-dsym";
				ENABLE_NS_ASSERTIONS = NO;
				ENABLE_STRICT_OBJC_MSGSEND = YES;
				GCC_C_LANGUAGE_STANDARD = gnu99;
				GCC_NO_COMMON_BLOCKS = YES;
				GCC_WARN_64_TO_32_BIT_CONVERSION = YES;
				GCC_WARN_ABOUT_RETURN_TYPE = YES_ERROR;
				GCC_WARN_UNDECLARED_SELECTOR = YES;
				GCC_WARN_UNINITIALIZED_AUTOS = YES_AGGRESSIVE;
				GCC_WARN_UNUSED_FUNCTION = YES;
				GCC_WARN_UNUSED_VARIABLE = YES;
				IPHONEOS_DEPLOYMENT_TARGET = 8.4;
				MTL_ENABLE_DEBUG_INFO = NO;
				SDKROOT = iphoneos;
				VALIDATE_PRODUCT = YES;
			};
			name = Release;
		};
		FB0BFF251B4D504C0045BA23 /* Debug */ = {
			isa = XCBuildConfiguration;
			buildSettings = {
				ASSETCATALOG_COMPILER_APPICON_NAME = AppIcon;
				INFOPLIST_FILE = LearnOrientation/Info.plist;
				LD_RUNPATH_SEARCH_PATHS = "$(inherited) @executable_path/Frameworks";
				PRODUCT_NAME = "$(TARGET_NAME)";
			};
			name = Debug;
		};
		FB0BFF261B4D504C0045BA23 /* Release */ = {
			isa = XCBuildConfiguration;
			buildSettings = {
				ASSETCATALOG_COMPILER_APPICON_NAME = AppIcon;
				INFOPLIST_FILE = LearnOrientation/Info.plist;
				LD_RUNPATH_SEARCH_PATHS = "$(inherited) @executable_path/Frameworks";
				PRODUCT_NAME = "$(TARGET_NAME)";
			};
			name = Release;
		};
		FB0BFF281B4D504C0045BA23 /* Debug */ = {
			isa = XCBuildConfiguration;
			buildSettings = {
				BUNDLE_LOADER = "$(TEST_HOST)";
				FRAMEWORK_SEARCH_PATHS = (
					"$(SDKROOT)/Developer/Library/Frameworks",
					"$(inherited)",
				);
				GCC_PREPROCESSOR_DEFINITIONS = (
					"DEBUG=1",
					"$(inherited)",
				);
				INFOPLIST_FILE = LearnOrientationTests/Info.plist;
				LD_RUNPATH_SEARCH_PATHS = "$(inherited) @executable_path/Frameworks @loader_path/Frameworks";
				PRODUCT_NAME = "$(TARGET_NAME)";
				TEST_HOST = "$(BUILT_PRODUCTS_DIR)/LearnOrientation.app/LearnOrientation";
			};
			name = Debug;
		};
		FB0BFF291B4D504C0045BA23 /* Release */ = {
			isa = XCBuildConfiguration;
			buildSettings = {
				BUNDLE_LOADER = "$(TEST_HOST)";
				FRAMEWORK_SEARCH_PATHS = (
					"$(SDKROOT)/Developer/Library/Frameworks",
					"$(inherited)",
				);
				INFOPLIST_FILE = LearnOrientationTests/Info.plist;
				LD_RUNPATH_SEARCH_PATHS = "$(inherited) @executable_path/Frameworks @loader_path/Frameworks";
				PRODUCT_NAME = "$(TARGET_NAME)";
				TEST_HOST = "$(BUILT_PRODUCTS_DIR)/LearnOrientation.app/LearnOrientation";
			};
			name = Release;
		};
/* End XCBuildConfiguration section */

/* Begin XCConfigurationList section */
		FB0BFF001B4D504B0045BA23 /* Build configuration list for PBXProject "LearnOrientation" */ = {
			isa = XCConfigurationList;
			buildConfigurations = (
				FB0BFF221B4D504C0045BA23 /* Debug */,
				FB0BFF231B4D504C0045BA23 /* Release */,
			);
			defaultConfigurationIsVisible = 0;
			defaultConfigurationName = Release;
		};
		FB0BFF241B4D504C0045BA23 /* Build configuration list for PBXNativeTarget "LearnOrientation" */ = {
			isa = XCConfigurationList;
			buildConfigurations = (
				FB0BFF251B4D504C0045BA23 /* Debug */,
				FB0BFF261B4D504C0045BA23 /* Release */,
			);
			defaultConfigurationIsVisible = 0;
			defaultConfigurationName = Release;
		};
		FB0BFF271B4D504C0045BA23 /* Build configuration list for PBXNativeTarget "LearnOrientationTests" */ = {
			isa = XCConfigurationList;
			buildConfigurations = (
				FB0BFF281B4D504C0045BA23 /* Debug */,
				FB0BFF291B4D504C0045BA23 /* Release */,
			);
			defaultConfigurationIsVisible = 0;
			defaultConfigurationName = Release;
		};
/* End XCConfigurationList section */
	};
	rootObject = FB0BFEFD1B4D504B0045BA23 /* Project object */;
}
